
Microsoft Visual Studio Solution File, Format Version 12.00
# Visual Studio Version 17
VisualStudioVersion = 17.14.36202.13
MinimumVisualStudioVersion = 10.0.40219.1
Project("{FAE04EC0-301F-11D3-BF4B-00C04F79EFBC}") = "BookingSystem", "BookingSystem\BookingSystem.csproj", "{AE568442-52AD-48E7-9E8B-5D663BABE7BC}"
EndProject
Project("{FAE04EC0-301F-11D3-BF4B-00C04F79EFBC}") = "BookingSystem.Test", "BookingSystem.Test\BookingSystem.Test.csproj", "{6B20ACE4-DD6D-470A-966C-7ACFB8DBF1C1}"
EndProject
Global
	GlobalSection(SolutionConfigurationPlatforms) = preSolution
		Debug|Any CPU = Debug|Any CPU
		Release|Any CPU = Release|Any CPU
	EndGlobalSection
	GlobalSection(ProjectConfigurationPlatforms) = postSolution
		{AE568442-52AD-48E7-9E8B-5D663BABE7BC}.Debug|Any CPU.ActiveCfg = Debug|Any CPU
		{AE568442-52AD-48E7-9E8B-5D663BABE7BC}.Debug|Any CPU.Build.0 = Debug|Any CPU
		{AE568442-52AD-48E7-9E8B-5D663BABE7BC}.Release|Any CPU.ActiveCfg = Release|Any CPU
		{AE568442-52AD-48E7-9E8B-5D663BABE7BC}.Release|Any CPU.Build.0 = Release|Any CPU
		{6B20ACE4-DD6D-470A-966C-7ACFB8DBF1C1}.Debug|Any CPU.ActiveCfg = Debug|Any CPU
		{6B20ACE4-DD6D-470A-966C-7ACFB8DBF1C1}.Debug|Any CPU.Build.0 = Debug|Any CPU
		{6B20ACE4-DD6D-470A-966C-7ACFB8DBF1C1}.Release|Any CPU.ActiveCfg = Release|Any CPU
		{6B20ACE4-DD6D-470A-966C-7ACFB8DBF1C1}.Release|Any CPU.Build.0 = Release|Any CPU
	EndGlobalSection
	GlobalSection(SolutionProperties) = preSolution
		HideSolutionNode = FALSE
	EndGlobalSection
	GlobalSection(ExtensibilityGlobals) = postSolution
		SolutionGuid = {3331B07D-BC85-44DE-AEB6-8CB33A5AE6E4}
	EndGlobalSection
EndGlobal
